
Microsoft Visual Studio Solution File, Format Version 12.00
# Visual Studio Version 17
VisualStudioVersion = 17.8.34525.116
MinimumVisualStudioVersion = 10.0.40219.1
Project("{FAE04EC0-301F-11D3-BF4B-00C04F79EFBC}") = "WebApplication1", "WebApplication1.csproj", "{AA2C895F-70F1-491B-9E98-049E698D0D5E}"
EndProject
Global
	GlobalSection(SolutionConfigurationPlatforms) = preSolution
		Debug|Any CPU = Debug|Any CPU
		Release|Any CPU = Release|Any CPU
	EndGlobalSection
	GlobalSection(ProjectConfigurationPlatforms) = postSolution
		{AA2C895F-70F1-491B-9E98-049E698D0D5E}.Debug|Any CPU.ActiveCfg = Debug|Any CPU
		{AA2C895F-70F1-491B-9E98-049E698D0D5E}.Debug|Any CPU.Build.0 = Debug|Any CPU
		{AA2C895F-70F1-491B-9E98-049E698D0D5E}.Release|Any CPU.ActiveCfg = Release|Any CPU
		{AA2C895F-70F1-491B-9E98-049E698D0D5E}.Release|Any CPU.Build.0 = Release|Any CPU
	EndGlobalSection
	GlobalSection(SolutionProperties) = preSolution
		HideSolutionNode = FALSE
	EndGlobalSection
	GlobalSection(ExtensibilityGlobals) = postSolution
		SolutionGuid = {E253236F-9C06-46F8-8CE0-0C512ED9D689}
	EndGlobalSection
EndGlobal
